
Microsoft Visual Studio Solution File, Format Version 12.00
# Visual Studio Version 17
VisualStudioVersion = 17.0.32126.317
MinimumVisualStudioVersion = 10.0.40219.1
Project("{9A19103F-16F7-4668-BE54-9A1E7A4F7556}") = "Depozit", "Depozit.csproj", "{11F5601D-151C-42B9-93EF-F8AB06D62921}"
EndProject
Global
	GlobalSection(SolutionConfigurationPlatforms) = preSolution
		Debug|Any CPU = Debug|Any CPU
		Release|Any CPU = Release|Any CPU
	EndGlobalSection
	GlobalSection(ProjectConfigurationPlatforms) = postSolution
		{11F5601D-151C-42B9-93EF-F8AB06D62921}.Debug|Any CPU.ActiveCfg = Debug|Any CPU
		{11F5601D-151C-42B9-93EF-F8AB06D62921}.Debug|Any CPU.Build.0 = Debug|Any CPU
		{11F5601D-151C-42B9-93EF-F8AB06D62921}.Release|Any CPU.ActiveCfg = Release|Any CPU
		{11F5601D-151C-42B9-93EF-F8AB06D62921}.Release|Any CPU.Build.0 = Release|Any CPU
	EndGlobalSection
	GlobalSection(SolutionProperties) = preSolution
		HideSolutionNode = FALSE
	EndGlobalSection
	GlobalSection(ExtensibilityGlobals) = postSolution
		SolutionGuid = {D40594B9-1CE5-4E0D-B7E6-57B20163AA40}
	EndGlobalSection
EndGlobal
